
Microsoft Visual Studio Solution File, Format Version 12.00
# Visual Studio 15
VisualStudioVersion = 15.0.28307.1022
MinimumVisualStudioVersion = 10.0.40219.1
Project("{FAE04EC0-301F-11D3-BF4B-00C04F79EFBC}") = "PaternBridge", "PaternBridge\PaternBridge.csproj", "{651384B2-8B87-430D-9A2D-4C4DE95579B7}"
EndProject
Global
	GlobalSection(SolutionConfigurationPlatforms) = preSolution
		Debug|Any CPU = Debug|Any CPU
		Release|Any CPU = Release|Any CPU
	EndGlobalSection
	GlobalSection(ProjectConfigurationPlatforms) = postSolution
		{651384B2-8B87-430D-9A2D-4C4DE95579B7}.Debug|Any CPU.ActiveCfg = Debug|Any CPU
		{651384B2-8B87-430D-9A2D-4C4DE95579B7}.Debug|Any CPU.Build.0 = Debug|Any CPU
		{651384B2-8B87-430D-9A2D-4C4DE95579B7}.Release|Any CPU.ActiveCfg = Release|Any CPU
		{651384B2-8B87-430D-9A2D-4C4DE95579B7}.Release|Any CPU.Build.0 = Release|Any CPU
	EndGlobalSection
	GlobalSection(SolutionProperties) = preSolution
		HideSolutionNode = FALSE
	EndGlobalSection
	GlobalSection(ExtensibilityGlobals) = postSolution
		SolutionGuid = {92D8FDB7-C90D-47A9-89B8-F076445FCAF9}
	EndGlobalSection
EndGlobal
